// !$*UTF8*$!
{
	archiveVersion = 1;
	classes = {
	};
	objectVersion = 48;
	objects = {

/* Begin PBXBuildFile section */
		74E91A9F1F9C757E00C92F16 /* AppDelegate.swift in Sources */ = {isa = PBXBuildFile; fileRef = 74E91A9E1F9C757E00C92F16 /* AppDelegate.swift */; };
		74E91AA11F9C757E00C92F16 /* ViewController.swift in Sources */ = {isa = PBXBuildFile; fileRef = 74E91AA01F9C757E00C92F16 /* ViewController.swift */; };
		74E91AA41F9C757E00C92F16 /* Main.storyboard in Resources */ = {isa = PBXBuildFile; fileRef = 74E91AA21F9C757E00C92F16 /* Main.storyboard */; };
		74E91AA61F9C757E00C92F16 /* Assets.xcassets in Resources */ = {isa = PBXBuildFile; fileRef = 74E91AA51F9C757E00C92F16 /* Assets.xcassets */; };
		74E91AA91F9C757E00C92F16 /* LaunchScreen.storyboard in Resources */ = {isa = PBXBuildFile; fileRef = 74E91AA71F9C757E00C92F16 /* LaunchScreen.storyboard */; };
/* End PBXBuildFile section */

/* Begin PBXFileReference section */
		742D3C9E1FA76D8B0095BC48 /* Mila_touchevent.entitlements */ = {isa = PBXFileReference; lastKnownFileType = text.plist.entitlements; path = Mila_touchevent.entitlements; sourceTree = "<group>"; };
		74E91A9B1F9C757E00C92F16 /* Mila_touchevent.app */ = {isa = PBXFileReference; explicitFileType = wrapper.application; includeInIndex = 0; path = Mila_touchevent.app; sourceTree = BUILT_PRODUCTS_DIR; };
		74E91A9E1F9C757E00C92F16 /* AppDelegate.swift */ = {isa = PBXFileReference; lastKnownFileType = sourcecode.swift; path = AppDelegate.swift; sourceTree = "<group>"; };
		74E91AA01F9C757E00C92F16 /* ViewController.swift */ = {isa = PBXFileReference; lastKnownFileType = sourcecode.swift; path = ViewController.swift; sourceTree = "<group>"; };
		74E91AA31F9C757E00C92F16 /* Base */ = {isa = PBXFileReference; lastKnownFileType = file.storyboard; name = Base; path = Base.lproj/Main.storyboard; sourceTree = "<group>"; };
		74E91AA51F9C757E00C92F16 /* Assets.xcassets */ = {isa = PBXFileReference; lastKnownFileType = folder.assetcatalog; path = Assets.xcassets; sourceTree = "<group>"; };
		74E91AA81F9C757E00C92F16 /* Base */ = {isa = PBXFileReference; lastKnownFileType = file.storyboard; name = Base; path = Base.lproj/LaunchScreen.storyboard; sourceTree = "<group>"; };
		74E91AAA1F9C757E00C92F16 /* Info.plist */ = {isa = PBXFileReference; lastKnownFileType = text.plist.xml; path = Info.plist; sourceTree = "<group>"; };
/* End PBXFileReference section */

/* Begin PBXFrameworksBuildPhase section */
		74E91A981F9C757E00C92F16 /* Frameworks */ = {
			isa = PBXFrameworksBuildPhase;
			buildActionMask = 2147483647;
			files = (
			);
			runOnlyForDeploymentPostprocessing = 0;
		};
/* End PBXFrameworksBuildPhase section */

/* Begin PBXGroup section */
		742D3C9F1FA76D8E0095BC48 /* Frameworks */ = {
			isa = PBXGroup;
			children = (
			);
			name = Frameworks;
			sourceTree = "<group>";
		};
		74E91A921F9C757E00C92F16 = {
			isa = PBXGroup;
			children = (
				74E91A9D1F9C757E00C92F16 /* Mila_touchevent */,
				74E91A9C1F9C757E00C92F16 /* Products */,
				742D3C9F1FA76D8E0095BC48 /* Frameworks */,
			);
			sourceTree = "<group>";
		};
		74E91A9C1F9C757E00C92F16 /* Products */ = {
			isa = PBXGroup;
			children = (
				74E91A9B1F9C757E00C92F16 /* Mila_touchevent.app */,
			);
			name = Products;
			sourceTree = "<group>";
		};
		74E91A9D1F9C757E00C92F16 /* Mila_touchevent */ = {
			isa = PBXGroup;
			children = (
				742D3C9E1FA76D8B0095BC48 /* Mila_touchevent.entitlements */,
				74E91A9E1F9C757E00C92F16 /* AppDelegate.swift */,
				74E91AA21F9C757E00C92F16 /* Main.storyboard */,
				74E91AA01F9C757E00C92F16 /* ViewController.swift */,
				74E91AA51F9C757E00C92F16 /* Assets.xcassets */,
				74E91AA71F9C757E00C92F16 /* LaunchScreen.storyboard */,
				74E91AAA1F9C757E00C92F16 /* Info.plist */,
			);
			path = Mila_touchevent;
			sourceTree = "<group>";
		};
/* End PBXGroup section */

/* Begin PBXNativeTarget section */
		74E91A9A1F9C757E00C92F16 /* Mila_touchevent */ = {
			isa = PBXNativeTarget;
			buildConfigurationList = 74E91AAD1F9C757E00C92F16 /* Build configuration list for PBXNativeTarget "Mila_touchevent" */;
			buildPhases = (
				74E91A971F9C757E00C92F16 /* Sources */,
				74E91A981F9C757E00C92F16 /* Frameworks */,
				74E91A991F9C757E00C92F16 /* Resources */,
			);
			buildRules = (
			);
			dependencies = (
			);
			name = Mila_touchevent;
			productName = Mila_touchevent;
			productReference = 74E91A9B1F9C757E00C92F16 /* Mila_touchevent.app */;
			productType = "com.apple.product-type.application";
		};
/* End PBXNativeTarget section */

/* Begin PBXProject section */
		74E91A931F9C757E00C92F16 /* Project object */ = {
			isa = PBXProject;
			attributes = {
				LastSwiftUpdateCheck = 0900;
				LastUpgradeCheck = 0900;
				ORGANIZATIONNAME = Mila;
				TargetAttributes = {
					74E91A9A1F9C757E00C92F16 = {
						CreatedOnToolsVersion = 9.0;
						ProvisioningStyle = Automatic;
						SystemCapabilities = {
							com.apple.Push = {
								enabled = 1;
							};
							com.apple.iCloud = {
								enabled = 1;
							};
						};
					};
				};
			};
			buildConfigurationList = 74E91A961F9C757E00C92F16 /* Build configuration list for PBXProject "Mila_touchevent" */;
			compatibilityVersion = "Xcode 8.0";
			developmentRegion = en;
			hasScannedForEncodings = 0;
			knownRegions = (
				en,
				Base,
			);
			mainGroup = 74E91A921F9C757E00C92F16;
			productRefGroup = 74E91A9C1F9C757E00C92F16 /* Products */;
			projectDirPath = "";
			projectRoot = "";
			targets = (
				74E91A9A1F9C757E00C92F16 /* Mila_touchevent */,
			);
		};
/* End PBXProject section */

/* Begin PBXResourcesBuildPhase section */
		74E91A991F9C757E00C92F16 /* Resources */ = {
			isa = PBXResourcesBuildPhase;
			buildActionMask = 2147483647;
			files = (
				74E91AA91F9C757E00C92F16 /* LaunchScreen.storyboard in Resources */,
				74E91AA61F9C757E00C92F16 /* Assets.xcassets in Resources */,
				74E91AA41F9C757E00C92F16 /* Main.storyboard in Resources */,
			);
			runOnlyForDeploymentPostprocessing = 0;
		};
/* End PBXResourcesBuildPhase section */

/* Begin PBXSourcesBuildPhase section */
		74E91A971F9C757E00C92F16 /* Sources */ = {
			isa = PBXSourcesBuildPhase;
			buildActionMask = 2147483647;
			files = (
				74E91AA11F9C757E00C92F16 /* ViewController.swift in Sources */,
				74E91A9F1F9C757E00C92F16 /* AppDelegate.swift in Sources */,
			);
			runOnlyForDeploymentPostprocessing = 0;
		};
/* End PBXSourcesBuildPhase section */

/* Begin PBXVariantGroup section */
		74E91AA21F9C757E00C92F16 /* Main.storyboard */ = {
			isa = PBXVariantGroup;
			children = (
				74E91AA31F9C757E00C92F16 /* Base */,
			);
			name = Main.storyboard;
			sourceTree = "<group>";
		};
		74E91AA71F9C757E00C92F16 /* LaunchScreen.storyboard */ = {
			isa = PBXVariantGroup;
			children = (
				74E91AA81F9C757E00C92F16 /* Base */,
			);
			name = LaunchScreen.storyboard;
			sourceTree = "<group>";
		};
/* End PBXVariantGroup section */

/* Begin XCBuildConfiguration section */
		74E91AAB1F9C757E00C92F16 /* Debug */ = {
			isa = XCBuildConfiguration;
			buildSettings = {
				ALWAYS_SEARCH_USER_PATHS = NO;
				CLANG_ANALYZER_NONNULL = YES;
				CLANG_ANALYZER_NUMBER_OBJECT_CONVERSION = YES_AGGRESSIVE;
				CLANG_CXX_LANGUAGE_STANDARD = "gnu++14";
				CLANG_CXX_LIBRARY = "libc++";
				CLANG_ENABLE_MODULES = YES;
				CLANG_ENABLE_OBJC_ARC = YES;
				CLANG_WARN_BLOCK_CAPTURE_AUTORELEASING = YES;
				CLANG_WARN_BOOL_CONVERSION = YES;
				CLANG_WARN_COMMA = YES;
				CLANG_WARN_CONSTANT_CONVERSION = YES;
				CLANG_WARN_DIRECT_OBJC_ISA_USAGE = YES_ERROR;
				CLANG_WARN_DOCUMENTATION_COMMENTS = YES;
				CLANG_WARN_EMPTY_BODY = YES;
				CLANG_WARN_ENUM_CONVERSION = YES;
				CLANG_WARN_INFINITE_RECURSION = YES;
				CLANG_WARN_INT_CONVERSION = YES;
				CLANG_WARN_NON_LITERAL_NULL_CONVERSION = YES;
				CLANG_WARN_OBJC_LITERAL_CONVERSION = YES;
				CLANG_WARN_OBJC_ROOT_CLASS = YES_ERROR;
				CLANG_WARN_RANGE_LOOP_ANALYSIS = YES;
				CLANG_WARN_STRICT_PROTOTYPES = YES;
				CLANG_WARN_SUSPICIOUS_MOVE = YES;
				CLANG_WARN_UNGUARDED_AVAILABILITY = YES_AGGRESSIVE;
				CLANG_WARN_UNREACHABLE_CODE = YES;
				CLANG_WARN__DUPLICATE_METHOD_MATCH = YES;
				CODE_SIGN_IDENTITY = "iPhone Developer";
				COPY_PHASE_STRIP = NO;
				DEBUG_INFORMATION_FORMAT = dwarf;
				ENABLE_STRICT_OBJC_MSGSEND = YES;
				ENABLE_TESTABILITY = YES;
				GCC_C_LANGUAGE_STANDARD = gnu11;
				GCC_DYNAMIC_NO_PIC = NO;
				GCC_NO_COMMON_BLOCKS = YES;
				GCC_OPTIMIZATION_LEVEL = 0;
				GCC_PREPROCESSOR_DEFINITIONS = (
					"DEBUG=1",
					"$(inherited)",
				);
				GCC_WARN_64_TO_32_BIT_CONVERSION = YES;
				GCC_WARN_ABOUT_RETURN_TYPE = YES_ERROR;
				GCC_WARN_UNDECLARED_SELECTOR = YES;
				GCC_WARN_UNINITIALIZED_AUTOS = YES_AGGRESSIVE;
				GCC_WARN_UNUSED_FUNCTION = YES;
				GCC_WARN_UNUSED_VARIABLE = YES;
				IPHONEOS_DEPLOYMENT_TARGET = 11.0;
				MTL_ENABLE_DEBUG_INFO = YES;
				ONLY_ACTIVE_ARCH = YES;
				SDKROOT = iphoneos;
				SWIFT_ACTIVE_COMPILATION_CONDITIONS = DEBUG;
				SWIFT_OPTIMIZATION_LEVEL = "-Onone";
			};
			name = Debug;
		};
		74E91AAC1F9C757E00C92F16 /* Release */ = {
			isa = XCBuildConfiguration;
			buildSettings = {
				ALWAYS_SEARCH_USER_PATHS = NO;
				CLANG_ANALYZER_NONNULL = YES;
				CLANG_ANALYZER_NUMBER_OBJECT_CONVERSION = YES_AGGRESSIVE;
				CLANG_CXX_LANGUAGE_STANDARD = "gnu++14";
				CLANG_CXX_LIBRARY = "libc++";
				CLANG_ENABLE_MODULES = YES;
				CLANG_ENABLE_OBJC_ARC = YES;
				CLANG_WARN_BLOCK_CAPTURE_AUTORELEASING = YES;
				CLANG_WARN_BOOL_CONVERSION = YES;
				CLANG_WARN_COMMA = YES;
				CLANG_WARN_CONSTANT_CONVERSION = YES;
				CLANG_WARN_DIRECT_OBJC_ISA_USAGE = YES_ERROR;
				CLANG_WARN_DOCUMENTATION_COMMENTS = YES;
				CLANG_WARN_EMPTY_BODY = YES;
				CLANG_WARN_ENUM_CONVERSION = YES;
				CLANG_WARN_INFINITE_RECURSION = YES;
				CLANG_WARN_INT_CONVERSION = YES;
				CLANG_WARN_NON_LITERAL_NULL_CONVERSION = YES;
				CLANG_WARN_OBJC_LITERAL_CONVERSION = YES;
				CLANG_WARN_OBJC_ROOT_CLASS = YES_ERROR;
				CLANG_WARN_RANGE_LOOP_ANALYSIS = YES;
				CLANG_WARN_STRICT_PROTOTYPES = YES;
				CLANG_WARN_SUSPICIOUS_MOVE = YES;
				CLANG_WARN_UNGUARDED_AVAILABILITY = YES_AGGRESSIVE;
				CLANG_WARN_UNREACHABLE_CODE = YES;
				CLANG_WARN__DUPLICATE_METHOD_MATCH = YES;
				CODE_SIGN_IDENTITY = "iPhone Developer";
				COPY_PHASE_STRIP = NO;
				DEBUG_INFORMATION_FORMAT = "dwarf-with-dsym";
				ENABLE_NS_ASSERTIONS = NO;
				ENABLE_STRICT_OBJC_MSGSEND = YES;
				GCC_C_LANGUAGE_STANDARD = gnu11;
				GCC_NO_COMMON_BLOCKS = YES;
				GCC_WARN_64_TO_32_BIT_CONVERSION = YES;
				GCC_WARN_ABOUT_RETURN_TYPE = YES_ERROR;
				GCC_WARN_UNDECLARED_SELECTOR = YES;
				GCC_WARN_UNINITIALIZED_AUTOS = YES_AGGRESSIVE;
				GCC_WARN_UNUSED_FUNCTION = YES;
				GCC_WARN_UNUSED_VARIABLE = YES;
				IPHONEOS_DEPLOYMENT_TARGET = 11.0;
				MTL_ENABLE_DEBUG_INFO = NO;
				SDKROOT = iphoneos;
				SWIFT_OPTIMIZATION_LEVEL = "-Owholemodule";
				VALIDATE_PRODUCT = YES;
			};
			name = Release;
		};
		74E91AAE1F9C757E00C92F16 /* Debug */ = {
			isa = XCBuildConfiguration;
			buildSettings = {
				ASSETCATALOG_COMPILER_APPICON_NAME = AppIcon;
				CODE_SIGN_ENTITLEMENTS = Mila_touchevent/Mila_touchevent.entitlements;
				CODE_SIGN_STYLE = Automatic;
				DEVELOPMENT_TEAM = SQ8H5YYMAL;
				INFOPLIST_FILE = Mila_touchevent/Info.plist;
				IPHONEOS_DEPLOYMENT_TARGET = 9.3;
				LD_RUNPATH_SEARCH_PATHS = "$(inherited) @executable_path/Frameworks";
				PRODUCT_BUNDLE_IDENTIFIER = "tw.edu.mcu.Mila-touchevent";
				PRODUCT_NAME = "$(TARGET_NAME)";
				SWIFT_VERSION = 4.0;
				TARGETED_DEVICE_FAMILY = "1,2";
			};
			name = Debug;
		};
		74E91AAF1F9C757E00C92F16 /* Release */ = {
			isa = XCBuildConfiguration;
			buildSettings = {
				ASSETCATALOG_COMPILER_APPICON_NAME = AppIcon;
				CODE_SIGN_ENTITLEMENTS = Mila_touchevent/Mila_touchevent.entitlements;
				CODE_SIGN_STYLE = Automatic;
				DEVELOPMENT_TEAM = SQ8H5YYMAL;
				INFOPLIST_FILE = Mila_touchevent/Info.plist;
				IPHONEOS_DEPLOYMENT_TARGET = 9.3;
				LD_RUNPATH_SEARCH_PATHS = "$(inherited) @executable_path/Frameworks";
				PRODUCT_BUNDLE_IDENTIFIER = "tw.edu.mcu.Mila-touchevent";
				PRODUCT_NAME = "$(TARGET_NAME)";
				SWIFT_VERSION = 4.0;
				TARGETED_DEVICE_FAMILY = "1,2";
			};
			name = Release;
		};
/* End XCBuildConfiguration section */

/* Begin XCConfigurationList section */
		74E91A961F9C757E00C92F16 /* Build configuration list for PBXProject "Mila_touchevent" */ = {
			isa = XCConfigurationList;
			buildConfigurations = (
				74E91AAB1F9C757E00C92F16 /* Debug */,
				74E91AAC1F9C757E00C92F16 /* Release */,
			);
			defaultConfigurationIsVisible = 0;
			defaultConfigurationName = Release;
		};
		74E91AAD1F9C757E00C92F16 /* Build configuration list for PBXNativeTarget "Mila_touchevent" */ = {
			isa = XCConfigurationList;
			buildConfigurations = (
				74E91AAE1F9C757E00C92F16 /* Debug */,
				74E91AAF1F9C757E00C92F16 /* Release */,
			);
			defaultConfigurationIsVisible = 0;
			defaultConfigurationName = Release;
		};
/* End XCConfigurationList section */
	};
	rootObject = 74E91A931F9C757E00C92F16 /* Project object */;
}
